
Microsoft Visual Studio Solution File, Format Version 12.00
# Visual Studio 14
VisualStudioVersion = 14.0.25420.1
MinimumVisualStudioVersion = 10.0.40219.1
Project("{FAE04EC0-301F-11D3-BF4B-00C04F79EFBC}") = "Ecommerce Admin", "Lumino1\Ecommerce Admin.csproj", "{BE6EA3EB-F657-4F71-A672-7196A6924BFF}"
EndProject
Project("{FAE04EC0-301F-11D3-BF4B-00C04F79EFBC}") = "DataLayer", "DataLayer\DataLayer.csproj", "{DBCAB09F-AE0B-4F96-A538-40163926708E}"
EndProject
Project("{FAE04EC0-301F-11D3-BF4B-00C04F79EFBC}") = "CommonComponent", "CommonComponent\CommonComponent.csproj", "{4C00FFFD-22DF-43E3-947F-4A95388306EB}"
EndProject
Global
	GlobalSection(SolutionConfigurationPlatforms) = preSolution
		Debug|Any CPU = Debug|Any CPU
		Release|Any CPU = Release|Any CPU
	EndGlobalSection
	GlobalSection(ProjectConfigurationPlatforms) = postSolution
		{BE6EA3EB-F657-4F71-A672-7196A6924BFF}.Debug|Any CPU.ActiveCfg = Debug|Any CPU
		{BE6EA3EB-F657-4F71-A672-7196A6924BFF}.Debug|Any CPU.Build.0 = Debug|Any CPU
		{BE6EA3EB-F657-4F71-A672-7196A6924BFF}.Release|Any CPU.ActiveCfg = Release|Any CPU
		{BE6EA3EB-F657-4F71-A672-7196A6924BFF}.Release|Any CPU.Build.0 = Release|Any CPU
		{DBCAB09F-AE0B-4F96-A538-40163926708E}.Debug|Any CPU.ActiveCfg = Debug|Any CPU
		{DBCAB09F-AE0B-4F96-A538-40163926708E}.Debug|Any CPU.Build.0 = Debug|Any CPU
		{DBCAB09F-AE0B-4F96-A538-40163926708E}.Release|Any CPU.ActiveCfg = Release|Any CPU
		{DBCAB09F-AE0B-4F96-A538-40163926708E}.Release|Any CPU.Build.0 = Release|Any CPU
		{4C00FFFD-22DF-43E3-947F-4A95388306EB}.Debug|Any CPU.ActiveCfg = Debug|Any CPU
		{4C00FFFD-22DF-43E3-947F-4A95388306EB}.Debug|Any CPU.Build.0 = Debug|Any CPU
		{4C00FFFD-22DF-43E3-947F-4A95388306EB}.Release|Any CPU.ActiveCfg = Release|Any CPU
		{4C00FFFD-22DF-43E3-947F-4A95388306EB}.Release|Any CPU.Build.0 = Release|Any CPU
	EndGlobalSection
	GlobalSection(SolutionProperties) = preSolution
		HideSolutionNode = FALSE
	EndGlobalSection
	GlobalSection(TeamFoundationVersionControl) = preSolution
		SccNumberOfProjects = 4
		SccEnterpriseProvider = {4CA58AB2-18FA-4F8D-95D4-32DDF27D184C}
		SccTeamFoundationServer = https://webmilez.visualstudio.com/
		SccLocalPath0 = .
		SccProjectUniqueName1 = CommonComponent\\CommonComponent.csproj
		SccProjectName1 = CommonComponent
		SccLocalPath1 = CommonComponent
		SccProjectUniqueName2 = DataLayer\\DataLayer.csproj
		SccProjectName2 = DataLayer
		SccLocalPath2 = DataLayer
		SccProjectUniqueName3 = Lumino1\\Ecommerce\u0020Admin.csproj
		SccProjectName3 = Lumino1
		SccLocalPath3 = Lumino1
	EndGlobalSection
EndGlobal
